
Microsoft Visual Studio Solution File, Format Version 12.00
# Visual Studio 15
VisualStudioVersion = 15.0.26430.14
MinimumVisualStudioVersion = 10.0.40219.1
Project("{FAE04EC0-301F-11D3-BF4B-00C04F79EFBC}") = "UnitTest", "Test\UnitTest\UnitTest.csproj", "{7C255DB8-9F8A-4010-98E9-13FAD994EFF2}"
EndProject
Project("{FAE04EC0-301F-11D3-BF4B-00C04F79EFBC}") = "TestBase", "Test\TestBase\TestBase.csproj", "{E3670243-48E6-49A7-BD94-FF20FE99509C}"
EndProject
Project("{2150E333-8FDC-42A3-9474-1A3956D46DE8}") = "Test", "Test", "{BAD676CE-A816-4E0C-9294-46234F9F2055}"
EndProject
Project("{2150E333-8FDC-42A3-9474-1A3956D46DE8}") = "Tool", "Tool", "{AF84BC76-2A90-4BD2-8874-C274FC27F1B3}"
EndProject
Project("{FAE04EC0-301F-11D3-BF4B-00C04F79EFBC}") = "DocBuilder", "Tool\DocBuilder\DocBuilder.csproj", "{DCD080F0-1665-4544-A7A5-D006601E9AC2}"
EndProject
Project("{FAE04EC0-301F-11D3-BF4B-00C04F79EFBC}") = "TypeName.Sharp", "TypeName.Sharp\TypeName.Sharp.csproj", "{FE6F53BB-3B12-4950-9526-372FB348F4B4}"
EndProject
Global
	GlobalSection(SolutionConfigurationPlatforms) = preSolution
		Debug|Any CPU = Debug|Any CPU
		Release|Any CPU = Release|Any CPU
	EndGlobalSection
	GlobalSection(ProjectConfigurationPlatforms) = postSolution
		{7C255DB8-9F8A-4010-98E9-13FAD994EFF2}.Debug|Any CPU.ActiveCfg = Debug|Any CPU
		{7C255DB8-9F8A-4010-98E9-13FAD994EFF2}.Debug|Any CPU.Build.0 = Debug|Any CPU
		{7C255DB8-9F8A-4010-98E9-13FAD994EFF2}.Release|Any CPU.ActiveCfg = Release|Any CPU
		{7C255DB8-9F8A-4010-98E9-13FAD994EFF2}.Release|Any CPU.Build.0 = Release|Any CPU
		{E3670243-48E6-49A7-BD94-FF20FE99509C}.Debug|Any CPU.ActiveCfg = Debug|Any CPU
		{E3670243-48E6-49A7-BD94-FF20FE99509C}.Debug|Any CPU.Build.0 = Debug|Any CPU
		{E3670243-48E6-49A7-BD94-FF20FE99509C}.Release|Any CPU.ActiveCfg = Release|Any CPU
		{E3670243-48E6-49A7-BD94-FF20FE99509C}.Release|Any CPU.Build.0 = Release|Any CPU
		{DCD080F0-1665-4544-A7A5-D006601E9AC2}.Debug|Any CPU.ActiveCfg = Debug|Any CPU
		{DCD080F0-1665-4544-A7A5-D006601E9AC2}.Debug|Any CPU.Build.0 = Debug|Any CPU
		{DCD080F0-1665-4544-A7A5-D006601E9AC2}.Release|Any CPU.ActiveCfg = Release|Any CPU
		{DCD080F0-1665-4544-A7A5-D006601E9AC2}.Release|Any CPU.Build.0 = Release|Any CPU
		{FE6F53BB-3B12-4950-9526-372FB348F4B4}.Debug|Any CPU.ActiveCfg = Debug|Any CPU
		{FE6F53BB-3B12-4950-9526-372FB348F4B4}.Debug|Any CPU.Build.0 = Debug|Any CPU
		{FE6F53BB-3B12-4950-9526-372FB348F4B4}.Release|Any CPU.ActiveCfg = Release|Any CPU
		{FE6F53BB-3B12-4950-9526-372FB348F4B4}.Release|Any CPU.Build.0 = Release|Any CPU
	EndGlobalSection
	GlobalSection(SolutionProperties) = preSolution
		HideSolutionNode = FALSE
	EndGlobalSection
	GlobalSection(NestedProjects) = preSolution
		{7C255DB8-9F8A-4010-98E9-13FAD994EFF2} = {BAD676CE-A816-4E0C-9294-46234F9F2055}
		{E3670243-48E6-49A7-BD94-FF20FE99509C} = {BAD676CE-A816-4E0C-9294-46234F9F2055}
		{DCD080F0-1665-4544-A7A5-D006601E9AC2} = {AF84BC76-2A90-4BD2-8874-C274FC27F1B3}
	EndGlobalSection
EndGlobal
